{
	"name": "@d3fc/d3fc-random-data",
	"version": "3.0.17",
	"lockfileVersion": 1,
	"requires": true,
	"dependencies": {
		"d3-random": {
			"version": "1.1.2",
			"resolved": "https://registry.npmjs.org/d3-random/-/d3-random-1.1.2.tgz",
			"integrity": "sha512-6AK5BNpIFqP+cx/sreKzNjWbwZQCSUatxq+pPRmFIQaWuoD+NrbVWw7YWpHiXpCQ/NanKdtGDuB+VQcZDaEmYQ=="
		},
		"d3-time": {
			"version": "1.0.11",
			"resolved": "https://registry.npmjs.org/d3-time/-/d3-time-1.0.11.tgz",
			"integrity": "sha512-Z3wpvhPLW4vEScGeIMUckDW7+3hWKOQfAWg/U7PlWBnQmeKQ00gCUsTtWSYulrKNA7ta8hJ+xXc6MHrMuITwEw=="
		}
	}
}
