{
    "name": "@d3fc/d3fc-random-data",
    "version": "4.0.2",
    "lockfileVersion": 1,
    "requires": true,
    "dependencies": {
        "@d3fc/d3fc-rebind": {
            "version": "5.0.10",
            "resolved": "https://registry.npmjs.org/@d3fc/d3fc-rebind/-/d3fc-rebind-5.0.10.tgz",
            "integrity": "sha512-UUR8c2bkbnr9SAXDoYhVkTGvY8BAWJRlr0szTBCE37fmq/gyadGR7W8M8x6XWrcZim5LEzjxS96hmEbJ61YIhA=="
        }
    }
}
