{
	"name": "@d3fc/d3fc-annotation",
	"version": "3.0.12",
	"lockfileVersion": 1,
	"requires": true,
	"dependencies": {
		"@d3fc/d3fc-data-join": {
			"version": "6.0.3",
			"resolved": "https://registry.npmjs.org/@d3fc/d3fc-data-join/-/d3fc-data-join-6.0.3.tgz",
			"integrity": "sha512-fd1D2Cl4YGjzl3gBhcrvTl/VxaSncY0ZcokWsN8ahtmk9DZK4DnAgHGrdecnXVLkOx+ANDcqxqscYz6MWXLbcA=="
		},
		"@d3fc/d3fc-rebind": {
			"version": "6.0.1",
			"resolved": "https://registry.npmjs.org/@d3fc/d3fc-rebind/-/d3fc-rebind-6.0.1.tgz",
			"integrity": "sha512-+ryBZ53ALMffbADwnFAtTYQJcT7PE5BwpducGYS0X6Jux6ESnp+fP+cDQvBGbDBOVqaziGnfeLeJXjtMnZujmQ=="
		},
		"@d3fc/d3fc-series": {
			"version": "6.1.0",
			"resolved": "https://registry.npmjs.org/@d3fc/d3fc-series/-/d3fc-series-6.1.0.tgz",
			"integrity": "sha512-8TMknE0IWRYowyuKZv361HCMZ9WXJrQoq1Md73fN0/oTgmI4nPnDtcA0f0qRQmEZPPr4iz9JPPzQG9kd9DW6Nw==",
			"requires": {
				"@d3fc/d3fc-data-join": "^6.0.3",
				"@d3fc/d3fc-rebind": "^6.0.1",
				"@d3fc/d3fc-shape": "^6.0.1",
				"@d3fc/d3fc-webgl": "^3.2.0"
			},
			"dependencies": {
				"@d3fc/d3fc-data-join": {
					"version": "6.0.3",
					"resolved": "https://registry.npmjs.org/@d3fc/d3fc-data-join/-/d3fc-data-join-6.0.3.tgz",
					"integrity": "sha512-fd1D2Cl4YGjzl3gBhcrvTl/VxaSncY0ZcokWsN8ahtmk9DZK4DnAgHGrdecnXVLkOx+ANDcqxqscYz6MWXLbcA=="
				},
				"@d3fc/d3fc-rebind": {
					"version": "6.0.1",
					"resolved": "https://registry.npmjs.org/@d3fc/d3fc-rebind/-/d3fc-rebind-6.0.1.tgz",
					"integrity": "sha512-+ryBZ53ALMffbADwnFAtTYQJcT7PE5BwpducGYS0X6Jux6ESnp+fP+cDQvBGbDBOVqaziGnfeLeJXjtMnZujmQ=="
				},
				"@d3fc/d3fc-shape": {
					"version": "6.0.1",
					"resolved": "https://registry.npmjs.org/@d3fc/d3fc-shape/-/d3fc-shape-6.0.1.tgz",
					"integrity": "sha512-/dD3S8BWrOjO2mSptUmwe38V7KG4Kw6liIE5NXZJjX/XidfZhuDu7WWuya3i90HeNYDZNcs6Z+4qM3FnvlZf8g=="
				}
			}
		},
		"@d3fc/d3fc-shape": {
			"version": "6.0.1",
			"resolved": "https://registry.npmjs.org/@d3fc/d3fc-shape/-/d3fc-shape-6.0.1.tgz",
			"integrity": "sha512-/dD3S8BWrOjO2mSptUmwe38V7KG4Kw6liIE5NXZJjX/XidfZhuDu7WWuya3i90HeNYDZNcs6Z+4qM3FnvlZf8g=="
		},
		"@d3fc/d3fc-webgl": {
			"version": "3.2.0",
			"resolved": "https://registry.npmjs.org/@d3fc/d3fc-webgl/-/d3fc-webgl-3.2.0.tgz",
			"integrity": "sha512-ca0gSeitQYLIT5p3DoWpHS/cdkA/XmVWSHo1WiDMZt6Hwy86HSHwT3EGtTfXKtK1pZELyDvj9syhyRhi0zU5ow==",
			"requires": {
				"@d3fc/d3fc-rebind": "^6.0.1"
			},
			"dependencies": {
				"@d3fc/d3fc-rebind": {
					"version": "6.0.1",
					"resolved": "https://registry.npmjs.org/@d3fc/d3fc-rebind/-/d3fc-rebind-6.0.1.tgz",
					"integrity": "sha512-+ryBZ53ALMffbADwnFAtTYQJcT7PE5BwpducGYS0X6Jux6ESnp+fP+cDQvBGbDBOVqaziGnfeLeJXjtMnZujmQ=="
				}
			}
		}
	}
}
