{
	"name": "@d3fc/d3fc-chart",
	"version": "3.1.5",
	"lockfileVersion": 1,
	"requires": true,
	"dependencies": {
		"@d3fc/d3fc-axis": {
			"version": "2.3.0",
			"resolved": "https://registry.npmjs.org/@d3fc/d3fc-axis/-/d3fc-axis-2.3.0.tgz",
			"integrity": "sha512-l4okwI6VYSoNBBnqdeX+NwHAEejVqDEO8N7EV8HfGQYukKuNzCGcXGsQMCFJ1Hi5y1MQF5qxQq9Ch9HJBQRIhA==",
			"requires": {
				"@d3fc/d3fc-data-join": "^5.1.0",
				"@d3fc/d3fc-rebind": "^5.0.10",
				"d3-scale": "^1.0.3",
				"d3-selection": "^1.0.2",
				"d3-shape": "^1.0.3"
			},
			"dependencies": {
				"d3-scale": {
					"version": "1.0.7",
					"resolved": "https://registry.npmjs.org/d3-scale/-/d3-scale-1.0.7.tgz",
					"integrity": "sha512-KvU92czp2/qse5tUfGms6Kjig0AhHOwkzXG0+PqIJB3ke0WUv088AHMZI0OssO9NCkXt4RP8yju9rpH8aGB7Lw==",
					"requires": {
						"d3-array": "^1.2.0",
						"d3-collection": "1",
						"d3-color": "1",
						"d3-format": "1",
						"d3-interpolate": "1",
						"d3-time": "1",
						"d3-time-format": "2"
					}
				}
			}
		},
		"@d3fc/d3fc-data-join": {
			"version": "5.1.0",
			"resolved": "https://registry.npmjs.org/@d3fc/d3fc-data-join/-/d3fc-data-join-5.1.0.tgz",
			"integrity": "sha512-JLxFX09ueMoMfp2rdnozMkRhT9+2oJ3NWSKcScrkPVYptJZZg2NPHDmn6BcuJ0cOAFoqdXUQx+yG6qwduLoY/g==",
			"requires": {
				"d3-selection": "^1.0.0"
			}
		},
		"@d3fc/d3fc-element": {
			"version": "5.4.5",
			"resolved": "https://registry.npmjs.org/@d3fc/d3fc-element/-/d3fc-element-5.4.5.tgz",
			"integrity": "sha512-74cDP8l6f/G/TCdnTQvzbYAiBSOO/DadpJwfk9QvE3b43nS4e/0qpxMERDKo97LheFFkmyuLE6TfSoySX63Svw=="
		},
		"@d3fc/d3fc-rebind": {
			"version": "5.0.10",
			"resolved": "https://registry.npmjs.org/@d3fc/d3fc-rebind/-/d3fc-rebind-5.0.10.tgz",
			"integrity": "sha512-UUR8c2bkbnr9SAXDoYhVkTGvY8BAWJRlr0szTBCE37fmq/gyadGR7W8M8x6XWrcZim5LEzjxS96hmEbJ61YIhA=="
		},
		"@d3fc/d3fc-series": {
			"version": "4.7.2",
			"resolved": "https://registry.npmjs.org/@d3fc/d3fc-series/-/d3fc-series-4.7.2.tgz",
			"integrity": "sha512-oYtpUq4jtzVMXza3qt6Qv+h50cxdL+izNJ/LwRhzOj92tjfws+q4hSwP9jKYKje9HDDnBksevBvK3D0/B7gO3A==",
			"requires": {
				"@d3fc/d3fc-data-join": "^5.1.0",
				"@d3fc/d3fc-rebind": "^5.0.10",
				"@d3fc/d3fc-shape": "^5.1.0",
				"@d3fc/d3fc-webgl": "^1.9.2",
				"d3-array": "^1.0.0",
				"d3-scale": "^1.0.1",
				"d3-selection": "^1.0.0",
				"d3-shape": "^1.0.0"
			},
			"dependencies": {
				"d3-scale": {
					"version": "1.0.7",
					"resolved": "https://registry.npmjs.org/d3-scale/-/d3-scale-1.0.7.tgz",
					"integrity": "sha512-KvU92czp2/qse5tUfGms6Kjig0AhHOwkzXG0+PqIJB3ke0WUv088AHMZI0OssO9NCkXt4RP8yju9rpH8aGB7Lw==",
					"requires": {
						"d3-array": "^1.2.0",
						"d3-collection": "1",
						"d3-color": "1",
						"d3-format": "1",
						"d3-interpolate": "1",
						"d3-time": "1",
						"d3-time-format": "2"
					}
				}
			}
		},
		"@d3fc/d3fc-shape": {
			"version": "5.1.0",
			"resolved": "https://registry.npmjs.org/@d3fc/d3fc-shape/-/d3fc-shape-5.1.0.tgz",
			"integrity": "sha512-PHYdHtcgkI2wbOe6mT0fLXXqtiTF8MOPTa6yFK5Cui1+bE+p1e8rHepj0yiMY+NLcY1BSUVCK64jz8gqOEe2aQ==",
			"requires": {
				"d3-path": "^1.0.0"
			}
		},
		"@d3fc/d3fc-webgl": {
			"version": "1.9.2",
			"resolved": "https://registry.npmjs.org/@d3fc/d3fc-webgl/-/d3fc-webgl-1.9.2.tgz",
			"integrity": "sha512-R3ZbbFToUShtpp5GsIQrGBDq4Qv/x4aoyxAwcXKT1V2DfgbdDoTboTmkZ/P8CZW+2tTLxXM2Kd9pnrEBo8xAyA==",
			"requires": {
				"@d3fc/d3fc-rebind": "^5.0.8",
				"d3-scale": "^3.2.1",
				"d3-shape": "^1.3.7"
			}
		},
		"d3-array": {
			"version": "1.2.4",
			"resolved": "https://registry.npmjs.org/d3-array/-/d3-array-1.2.4.tgz",
			"integrity": "sha512-KHW6M86R+FUPYGb3R5XiYjXPq7VzwxZ22buHhAEVG5ztoEcZZMLov530mmccaqA1GghZArjQV46fuc8kUqhhHw=="
		},
		"d3-collection": {
			"version": "1.0.7",
			"resolved": "https://registry.npmjs.org/d3-collection/-/d3-collection-1.0.7.tgz",
			"integrity": "sha512-ii0/r5f4sjKNTfh84Di+DpztYwqKhEyUlKoPrzUFfeSkWxjW49xU2QzO9qrPrNkpdI0XJkfzvmTu8V2Zylln6A=="
		},
		"d3-color": {
			"version": "1.4.0",
			"resolved": "https://registry.npmjs.org/d3-color/-/d3-color-1.4.0.tgz",
			"integrity": "sha512-TzNPeJy2+iEepfiL92LAAB7fvnp/dV2YwANPVHdDWmYMm23qIJBYww3qT8I8C1wXrmrg4UWs7BKc2tKIgyjzHg=="
		},
		"d3-format": {
			"version": "1.4.3",
			"resolved": "https://registry.npmjs.org/d3-format/-/d3-format-1.4.3.tgz",
			"integrity": "sha512-mm/nE2Y9HgGyjP+rKIekeITVgBtX97o1nrvHCWX8F/yBYyevUTvu9vb5pUnKwrcSw7o7GuwMOWjS9gFDs4O+uQ=="
		},
		"d3-interpolate": {
			"version": "1.4.0",
			"resolved": "https://registry.npmjs.org/d3-interpolate/-/d3-interpolate-1.4.0.tgz",
			"integrity": "sha512-V9znK0zc3jOPV4VD2zZn0sDhZU3WAE2bmlxdIwwQPPzPjvyLkd8B3JUVdS1IDUFDkWZ72c9qnv1GK2ZagTZ8EA==",
			"requires": {
				"d3-color": "1"
			}
		},
		"d3-path": {
			"version": "1.0.9",
			"resolved": "https://registry.npmjs.org/d3-path/-/d3-path-1.0.9.tgz",
			"integrity": "sha512-VLaYcn81dtHVTjEHd8B+pbe9yHWpXKZUC87PzoFmsFrJqgFwDe/qxfp5MlfsfM1V5E/iVt0MmEbWQ7FVIXh/bg=="
		},
		"d3-scale": {
			"version": "3.2.1",
			"resolved": "https://registry.npmjs.org/d3-scale/-/d3-scale-3.2.1.tgz",
			"integrity": "sha512-huz5byJO/6MPpz6Q8d4lg7GgSpTjIZW/l+1MQkzKfu2u8P6hjaXaStOpmyrD6ymKoW87d2QVFCKvSjLwjzx/rA==",
			"requires": {
				"d3-array": "1.2.0 - 2",
				"d3-format": "1",
				"d3-interpolate": "^1.2.0",
				"d3-time": "1",
				"d3-time-format": "2"
			}
		},
		"d3-selection": {
			"version": "1.4.1",
			"resolved": "https://registry.npmjs.org/d3-selection/-/d3-selection-1.4.1.tgz",
			"integrity": "sha512-BTIbRjv/m5rcVTfBs4AMBLKs4x8XaaLkwm28KWu9S2vKNqXkXt2AH2Qf0sdPZHjFxcWg/YL53zcqAz+3g4/7PA=="
		},
		"d3-shape": {
			"version": "1.3.7",
			"resolved": "https://registry.npmjs.org/d3-shape/-/d3-shape-1.3.7.tgz",
			"integrity": "sha512-EUkvKjqPFUAZyOlhY5gzCxCeI0Aep04LwIRpsZ/mLFelJiUfnK56jo5JMDSE7yyP2kLSb6LtF+S5chMk7uqPqw==",
			"requires": {
				"d3-path": "1"
			}
		},
		"d3-time": {
			"version": "1.1.0",
			"resolved": "https://registry.npmjs.org/d3-time/-/d3-time-1.1.0.tgz",
			"integrity": "sha512-Xh0isrZ5rPYYdqhAVk8VLnMEidhz5aP7htAADH6MfzgmmicPkTo8LhkLxci61/lCB7n7UmE3bN0leRt+qvkLxA=="
		},
		"d3-time-format": {
			"version": "2.2.3",
			"resolved": "https://registry.npmjs.org/d3-time-format/-/d3-time-format-2.2.3.tgz",
			"integrity": "sha512-RAHNnD8+XvC4Zc4d2A56Uw0yJoM7bsvOlJR33bclxq399Rak/b9bhvu/InjxdWhPtkgU53JJcleJTGkNRnN6IA==",
			"requires": {
				"d3-time": "1"
			}
		}
	}
}
