{
	"name": "@d3fc/d3fc-discontinuous-scale",
	"version": "3.2.0",
	"lockfileVersion": 1,
	"requires": true,
	"dependencies": {
		"d3-array": {
			"version": "2.4.0",
			"resolved": "https://registry.npmjs.org/d3-array/-/d3-array-2.4.0.tgz",
			"integrity": "sha512-KQ41bAF2BMakf/HdKT865ALd4cgND6VcIztVQZUTt0+BH3RWy6ZYnHghVXf6NFjt2ritLr8H1T8LreAAlfiNcw=="
		},
		"d3-color": {
			"version": "1.4.0",
			"resolved": "https://registry.npmjs.org/d3-color/-/d3-color-1.4.0.tgz",
			"integrity": "sha512-TzNPeJy2+iEepfiL92LAAB7fvnp/dV2YwANPVHdDWmYMm23qIJBYww3qT8I8C1wXrmrg4UWs7BKc2tKIgyjzHg=="
		},
		"d3-format": {
			"version": "1.4.3",
			"resolved": "https://registry.npmjs.org/d3-format/-/d3-format-1.4.3.tgz",
			"integrity": "sha512-mm/nE2Y9HgGyjP+rKIekeITVgBtX97o1nrvHCWX8F/yBYyevUTvu9vb5pUnKwrcSw7o7GuwMOWjS9gFDs4O+uQ=="
		},
		"d3-interpolate": {
			"version": "1.4.0",
			"resolved": "https://registry.npmjs.org/d3-interpolate/-/d3-interpolate-1.4.0.tgz",
			"integrity": "sha512-V9znK0zc3jOPV4VD2zZn0sDhZU3WAE2bmlxdIwwQPPzPjvyLkd8B3JUVdS1IDUFDkWZ72c9qnv1GK2ZagTZ8EA==",
			"requires": {
				"d3-color": "1"
			}
		},
		"d3-scale": {
			"version": "3.2.1",
			"resolved": "https://registry.npmjs.org/d3-scale/-/d3-scale-3.2.1.tgz",
			"integrity": "sha512-huz5byJO/6MPpz6Q8d4lg7GgSpTjIZW/l+1MQkzKfu2u8P6hjaXaStOpmyrD6ymKoW87d2QVFCKvSjLwjzx/rA==",
			"requires": {
				"d3-array": "1.2.0 - 2",
				"d3-format": "1",
				"d3-interpolate": "^1.2.0",
				"d3-time": "1",
				"d3-time-format": "2"
			}
		},
		"d3-time": {
			"version": "1.1.0",
			"resolved": "https://registry.npmjs.org/d3-time/-/d3-time-1.1.0.tgz",
			"integrity": "sha512-Xh0isrZ5rPYYdqhAVk8VLnMEidhz5aP7htAADH6MfzgmmicPkTo8LhkLxci61/lCB7n7UmE3bN0leRt+qvkLxA=="
		},
		"d3-time-format": {
			"version": "2.2.3",
			"resolved": "https://registry.npmjs.org/d3-time-format/-/d3-time-format-2.2.3.tgz",
			"integrity": "sha512-RAHNnD8+XvC4Zc4d2A56Uw0yJoM7bsvOlJR33bclxq399Rak/b9bhvu/InjxdWhPtkgU53JJcleJTGkNRnN6IA==",
			"requires": {
				"d3-time": "1"
			}
		}
	}
}
