{
	"name": "@d3fc/d3fc-pointer",
	"version": "3.0.2",
	"lockfileVersion": 1,
	"requires": true,
	"dependencies": {
		"@d3fc/d3fc-rebind": {
			"version": "6.0.1",
			"resolved": "https://registry.npmjs.org/@d3fc/d3fc-rebind/-/d3fc-rebind-6.0.1.tgz",
			"integrity": "sha512-+ryBZ53ALMffbADwnFAtTYQJcT7PE5BwpducGYS0X6Jux6ESnp+fP+cDQvBGbDBOVqaziGnfeLeJXjtMnZujmQ=="
		}
	}
}
