{
	"name": "@d3fc/d3fc-pointer",
	"version": "2.2.0",
	"lockfileVersion": 1,
	"requires": true,
	"dependencies": {
		"d3-dispatch": {
			"version": "1.0.6",
			"resolved": "https://registry.npmjs.org/d3-dispatch/-/d3-dispatch-1.0.6.tgz",
			"integrity": "sha512-fVjoElzjhCEy+Hbn8KygnmMS7Or0a9sI2UzGwoB7cCtvI1XpVN9GpoYlnb3xt2YV66oXYb1fLJ8GMvP4hdU1RA=="
		},
		"d3-selection": {
			"version": "1.4.1",
			"resolved": "https://registry.npmjs.org/d3-selection/-/d3-selection-1.4.1.tgz",
			"integrity": "sha512-BTIbRjv/m5rcVTfBs4AMBLKs4x8XaaLkwm28KWu9S2vKNqXkXt2AH2Qf0sdPZHjFxcWg/YL53zcqAz+3g4/7PA=="
		}
	}
}
