{
	"name": "@d3fc/d3fc-brush",
	"version": "2.1.5",
	"lockfileVersion": 1,
	"requires": true,
	"dependencies": {
		"@d3fc/d3fc-data-join": {
			"version": "5.1.0",
			"resolved": "https://registry.npmjs.org/@d3fc/d3fc-data-join/-/d3fc-data-join-5.1.0.tgz",
			"integrity": "sha512-JLxFX09ueMoMfp2rdnozMkRhT9+2oJ3NWSKcScrkPVYptJZZg2NPHDmn6BcuJ0cOAFoqdXUQx+yG6qwduLoY/g==",
			"requires": {
				"d3-selection": "^1.0.0"
			}
		},
		"@d3fc/d3fc-rebind": {
			"version": "5.0.10",
			"resolved": "https://registry.npmjs.org/@d3fc/d3fc-rebind/-/d3fc-rebind-5.0.10.tgz",
			"integrity": "sha512-UUR8c2bkbnr9SAXDoYhVkTGvY8BAWJRlr0szTBCE37fmq/gyadGR7W8M8x6XWrcZim5LEzjxS96hmEbJ61YIhA=="
		},
		"d3-selection": {
			"version": "1.4.1",
			"resolved": "https://registry.npmjs.org/d3-selection/-/d3-selection-1.4.1.tgz",
			"integrity": "sha512-BTIbRjv/m5rcVTfBs4AMBLKs4x8XaaLkwm28KWu9S2vKNqXkXt2AH2Qf0sdPZHjFxcWg/YL53zcqAz+3g4/7PA=="
		}
	}
}
