{
	"name": "@d3fc/d3fc-data-join",
	"version": "5.0.11",
	"lockfileVersion": 1,
	"requires": true,
	"dependencies": {
		"d3-color": {
			"version": "1.3.0",
			"resolved": "https://registry.npmjs.org/d3-color/-/d3-color-1.3.0.tgz",
			"integrity": "sha512-NHODMBlj59xPAwl2BDiO2Mog6V+PrGRtBfWKqKRrs9MCqlSkIEb0Z/SfY7jW29ReHTDC/j+vwXhnZcXI3+3fbg==",
			"dev": true
		},
		"d3-dispatch": {
			"version": "1.0.5",
			"resolved": "https://registry.npmjs.org/d3-dispatch/-/d3-dispatch-1.0.5.tgz",
			"integrity": "sha512-vwKx+lAqB1UuCeklr6Jh1bvC4SZgbSqbkGBLClItFBIYH4vqDJCA7qfoy14lXmJdnBOdxndAMxjCbImJYW7e6g==",
			"dev": true
		},
		"d3-ease": {
			"version": "1.0.5",
			"resolved": "https://registry.npmjs.org/d3-ease/-/d3-ease-1.0.5.tgz",
			"integrity": "sha512-Ct1O//ly5y5lFM9YTdu+ygq7LleSgSE4oj7vUt9tPLHUi8VCV7QoizGpdWRWAwCO9LdYzIrQDg97+hGVdsSGPQ==",
			"dev": true
		},
		"d3-interpolate": {
			"version": "1.3.2",
			"resolved": "https://registry.npmjs.org/d3-interpolate/-/d3-interpolate-1.3.2.tgz",
			"integrity": "sha512-NlNKGopqaz9qM1PXh9gBF1KSCVh+jSFErrSlD/4hybwoNX/gt1d8CDbDW+3i+5UOHhjC6s6nMvRxcuoMVNgL2w==",
			"dev": true,
			"requires": {
				"d3-color": "1"
			}
		},
		"d3-selection": {
			"version": "1.4.0",
			"resolved": "https://registry.npmjs.org/d3-selection/-/d3-selection-1.4.0.tgz",
			"integrity": "sha512-EYVwBxQGEjLCKF2pJ4+yrErskDnz5v403qvAid96cNdCMr8rmCYfY5RGzWz24mdIbxmDf6/4EAH+K9xperD5jg=="
		},
		"d3-timer": {
			"version": "1.0.9",
			"resolved": "https://registry.npmjs.org/d3-timer/-/d3-timer-1.0.9.tgz",
			"integrity": "sha512-rT34J5HnQUHhcLvhSB9GjCkN0Ddd5Y8nCwDBG2u6wQEeYxT/Lf51fTFFkldeib/sE/J0clIe0pnCfs6g/lRbyg==",
			"dev": true
		},
		"d3-transition": {
			"version": "1.2.0",
			"resolved": "https://registry.npmjs.org/d3-transition/-/d3-transition-1.2.0.tgz",
			"integrity": "sha512-VJ7cmX/FPIPJYuaL2r1o1EMHLttvoIuZhhuAlRoOxDzogV8iQS6jYulDm3xEU3TqL80IZIhI551/ebmCMrkvhw==",
			"dev": true,
			"requires": {
				"d3-color": "1",
				"d3-dispatch": "1",
				"d3-ease": "1",
				"d3-interpolate": "1",
				"d3-selection": "^1.1.0",
				"d3-timer": "1"
			}
		}
	}
}
