{
	"name": "@d3fc/d3fc-shape",
	"version": "5.0.17",
	"lockfileVersion": 1,
	"requires": true,
	"dependencies": {
		"d3-path": {
			"version": "1.0.8",
			"resolved": "https://registry.npmjs.org/d3-path/-/d3-path-1.0.8.tgz",
			"integrity": "sha512-J6EfUNwcMQ+aM5YPOB8ZbgAZu6wc82f/0WFxrxwV6Ll8wBwLaHLKCqQ5Imub02JriCVVdPjgI+6P3a4EWJCxAg=="
		},
		"js-combinatorics": {
			"version": "0.5.4",
			"resolved": "https://registry.npmjs.org/js-combinatorics/-/js-combinatorics-0.5.4.tgz",
			"integrity": "sha512-PCqUIKGqv/Kjao1G4GE/Yni6QkCP2nWW3KnxL+8IGWPlP18vQpT8ufGMf4XUAAY8JHEryUCJbf51zG8329ntMg==",
			"dev": true
		}
	}
}
