{
	"name": "@d3fc/d3fc-shape",
	"version": "5.1.0",
	"lockfileVersion": 1,
	"requires": true,
	"dependencies": {
		"d3-path": {
			"version": "1.0.9",
			"resolved": "https://registry.npmjs.org/d3-path/-/d3-path-1.0.9.tgz",
			"integrity": "sha512-VLaYcn81dtHVTjEHd8B+pbe9yHWpXKZUC87PzoFmsFrJqgFwDe/qxfp5MlfsfM1V5E/iVt0MmEbWQ7FVIXh/bg=="
		},
		"js-combinatorics": {
			"version": "0.5.4",
			"resolved": "https://registry.npmjs.org/js-combinatorics/-/js-combinatorics-0.5.4.tgz",
			"integrity": "sha512-PCqUIKGqv/Kjao1G4GE/Yni6QkCP2nWW3KnxL+8IGWPlP18vQpT8ufGMf4XUAAY8JHEryUCJbf51zG8329ntMg==",
			"dev": true
		}
	}
}
