{
  "name": "@d3fc/d3fc-shape",
  "version": "5.0.17",
  "lockfileVersion": 1,
  "requires": true,
  "dependencies": {
    "@d3fc/d3fc-random-data": {
      "version": "3.0.17",
      "requires": {
        "@d3fc/d3fc-rebind": "^5.0.8",
        "d3-random": "^1.0.0",
        "d3-time": "^1.0.0"
      },
      "dependencies": {
        "@d3fc/d3fc-rebind": {
          "version": "5.0.8"
        },
        "d3-random": {
          "version": "1.1.2",
          "resolved": "https://registry.npmjs.org/d3-random/-/d3-random-1.1.2.tgz",
          "integrity": "sha512-6AK5BNpIFqP+cx/sreKzNjWbwZQCSUatxq+pPRmFIQaWuoD+NrbVWw7YWpHiXpCQ/NanKdtGDuB+VQcZDaEmYQ=="
        },
        "d3-time": {
          "version": "1.0.11",
          "resolved": "https://registry.npmjs.org/d3-time/-/d3-time-1.0.11.tgz",
          "integrity": "sha512-Z3wpvhPLW4vEScGeIMUckDW7+3hWKOQfAWg/U7PlWBnQmeKQ00gCUsTtWSYulrKNA7ta8hJ+xXc6MHrMuITwEw=="
        }
      }
    },
    "d3-path": {
      "version": "1.0.8",
      "resolved": "https://registry.npmjs.org/d3-path/-/d3-path-1.0.8.tgz",
      "integrity": "sha512-J6EfUNwcMQ+aM5YPOB8ZbgAZu6wc82f/0WFxrxwV6Ll8wBwLaHLKCqQ5Imub02JriCVVdPjgI+6P3a4EWJCxAg=="
    },
    "js-combinatorics": {
      "version": "0.5.4",
      "resolved": "https://registry.npmjs.org/js-combinatorics/-/js-combinatorics-0.5.4.tgz",
      "integrity": "sha512-PCqUIKGqv/Kjao1G4GE/Yni6QkCP2nWW3KnxL+8IGWPlP18vQpT8ufGMf4XUAAY8JHEryUCJbf51zG8329ntMg==",
      "dev": true
    }
  }
}
