{
  "name": "@d3fc/d3fc-extent",
  "version": "3.1.5",
  "lockfileVersion": 1,
  "requires": true,
  "dependencies": {
    "d3-array": {
      "version": "1.2.4",
      "resolved": "https://registry.npmjs.org/d3-array/-/d3-array-1.2.4.tgz",
      "integrity": "sha512-KHW6M86R+FUPYGb3R5XiYjXPq7VzwxZ22buHhAEVG5ztoEcZZMLov530mmccaqA1GghZArjQV46fuc8kUqhhHw=="
    },
    "ms": {
      "version": "1.0.0",
      "resolved": "https://registry.npmjs.org/ms/-/ms-1.0.0.tgz",
      "integrity": "sha1-Wa3NIu3FQ/e1OBhi0xOHsfS8lHM=",
      "dev": true
    }
  }
}
