{
	"name": "d3fc",
	"version": "15.2.6",
	"lockfileVersion": 1,
	"requires": true,
	"dependencies": {
		"@d3fc/d3fc-annotation": {
			"version": "3.0.12",
			"resolved": "https://registry.npmjs.org/@d3fc/d3fc-annotation/-/d3fc-annotation-3.0.12.tgz",
			"integrity": "sha512-wwBDsER+/S9Z+aBZEQaSYk+Vcc0y+v5+H8Vvubam3gzMuBo0Nv9Ge7lvQhv6tDV8jTUsInYJUcNipGph/3z7pw==",
			"requires": {
				"@d3fc/d3fc-data-join": "^6.0.3",
				"@d3fc/d3fc-rebind": "^6.0.1",
				"@d3fc/d3fc-series": "^6.1.0",
				"@d3fc/d3fc-shape": "^6.0.1"
			},
			"dependencies": {
				"@d3fc/d3fc-data-join": {
					"version": "6.0.3",
					"resolved": "https://registry.npmjs.org/@d3fc/d3fc-data-join/-/d3fc-data-join-6.0.3.tgz",
					"integrity": "sha512-fd1D2Cl4YGjzl3gBhcrvTl/VxaSncY0ZcokWsN8ahtmk9DZK4DnAgHGrdecnXVLkOx+ANDcqxqscYz6MWXLbcA=="
				},
				"@d3fc/d3fc-rebind": {
					"version": "6.0.1",
					"resolved": "https://registry.npmjs.org/@d3fc/d3fc-rebind/-/d3fc-rebind-6.0.1.tgz",
					"integrity": "sha512-+ryBZ53ALMffbADwnFAtTYQJcT7PE5BwpducGYS0X6Jux6ESnp+fP+cDQvBGbDBOVqaziGnfeLeJXjtMnZujmQ=="
				},
				"@d3fc/d3fc-shape": {
					"version": "6.0.1",
					"resolved": "https://registry.npmjs.org/@d3fc/d3fc-shape/-/d3fc-shape-6.0.1.tgz",
					"integrity": "sha512-/dD3S8BWrOjO2mSptUmwe38V7KG4Kw6liIE5NXZJjX/XidfZhuDu7WWuya3i90HeNYDZNcs6Z+4qM3FnvlZf8g=="
				}
			}
		},
		"@d3fc/d3fc-axis": {
			"version": "3.0.6",
			"resolved": "https://registry.npmjs.org/@d3fc/d3fc-axis/-/d3fc-axis-3.0.6.tgz",
			"integrity": "sha512-6D5HpTiSmht8x9TU7war5iVNW5QFlvzNDk92yJ6hUOKeD/otr2D3wrpvSgJrS7GehceC7Ik86etpoiCjR4wyrg==",
			"requires": {
				"@d3fc/d3fc-data-join": "^6.0.3",
				"@d3fc/d3fc-rebind": "^6.0.1"
			},
			"dependencies": {
				"@d3fc/d3fc-data-join": {
					"version": "6.0.3",
					"resolved": "https://registry.npmjs.org/@d3fc/d3fc-data-join/-/d3fc-data-join-6.0.3.tgz",
					"integrity": "sha512-fd1D2Cl4YGjzl3gBhcrvTl/VxaSncY0ZcokWsN8ahtmk9DZK4DnAgHGrdecnXVLkOx+ANDcqxqscYz6MWXLbcA=="
				},
				"@d3fc/d3fc-rebind": {
					"version": "6.0.1",
					"resolved": "https://registry.npmjs.org/@d3fc/d3fc-rebind/-/d3fc-rebind-6.0.1.tgz",
					"integrity": "sha512-+ryBZ53ALMffbADwnFAtTYQJcT7PE5BwpducGYS0X6Jux6ESnp+fP+cDQvBGbDBOVqaziGnfeLeJXjtMnZujmQ=="
				}
			}
		},
		"@d3fc/d3fc-brush": {
			"version": "3.0.3",
			"resolved": "https://registry.npmjs.org/@d3fc/d3fc-brush/-/d3fc-brush-3.0.3.tgz",
			"integrity": "sha512-fc1XBuNWl6DQVFSnBdauI/WNRvtNaeUWwDiLEIMY+v0VlrmGOgWEGCB5otVepGZiL56cjgRtHdwYBdKCvgGBSg==",
			"requires": {
				"@d3fc/d3fc-data-join": "^6.0.3",
				"@d3fc/d3fc-rebind": "^6.0.1"
			},
			"dependencies": {
				"@d3fc/d3fc-data-join": {
					"version": "6.0.3",
					"resolved": "https://registry.npmjs.org/@d3fc/d3fc-data-join/-/d3fc-data-join-6.0.3.tgz",
					"integrity": "sha512-fd1D2Cl4YGjzl3gBhcrvTl/VxaSncY0ZcokWsN8ahtmk9DZK4DnAgHGrdecnXVLkOx+ANDcqxqscYz6MWXLbcA=="
				},
				"@d3fc/d3fc-rebind": {
					"version": "6.0.1",
					"resolved": "https://registry.npmjs.org/@d3fc/d3fc-rebind/-/d3fc-rebind-6.0.1.tgz",
					"integrity": "sha512-+ryBZ53ALMffbADwnFAtTYQJcT7PE5BwpducGYS0X6Jux6ESnp+fP+cDQvBGbDBOVqaziGnfeLeJXjtMnZujmQ=="
				}
			}
		},
		"@d3fc/d3fc-chart": {
			"version": "5.1.5",
			"resolved": "https://registry.npmjs.org/@d3fc/d3fc-chart/-/d3fc-chart-5.1.5.tgz",
			"integrity": "sha512-aP/kzCRy87hFdOhPiOwDLRuzV8AmCr+KloWsrlM3pWYk5uxnoFuZLfYLtrJx4ooHxNHkF9hf/q7+prrFdJioxA==",
			"requires": {
				"@d3fc/d3fc-axis": "^3.0.6",
				"@d3fc/d3fc-data-join": "^6.0.3",
				"@d3fc/d3fc-element": "^6.2.0",
				"@d3fc/d3fc-rebind": "^6.0.1",
				"@d3fc/d3fc-series": "^6.1.0"
			},
			"dependencies": {
				"@d3fc/d3fc-data-join": {
					"version": "6.0.3",
					"resolved": "https://registry.npmjs.org/@d3fc/d3fc-data-join/-/d3fc-data-join-6.0.3.tgz",
					"integrity": "sha512-fd1D2Cl4YGjzl3gBhcrvTl/VxaSncY0ZcokWsN8ahtmk9DZK4DnAgHGrdecnXVLkOx+ANDcqxqscYz6MWXLbcA=="
				},
				"@d3fc/d3fc-element": {
					"version": "6.2.0",
					"resolved": "https://registry.npmjs.org/@d3fc/d3fc-element/-/d3fc-element-6.2.0.tgz",
					"integrity": "sha512-AvdZ3V4mVxF9dGYLiDCoqr3GhrFOUQEc1FcP20QEhQ3fJ3qYRwx7/uhL7G/L2xbe6k4delPgnLOvtoaDenhpZw=="
				},
				"@d3fc/d3fc-rebind": {
					"version": "6.0.1",
					"resolved": "https://registry.npmjs.org/@d3fc/d3fc-rebind/-/d3fc-rebind-6.0.1.tgz",
					"integrity": "sha512-+ryBZ53ALMffbADwnFAtTYQJcT7PE5BwpducGYS0X6Jux6ESnp+fP+cDQvBGbDBOVqaziGnfeLeJXjtMnZujmQ=="
				}
			}
		},
		"@d3fc/d3fc-data-join": {
			"version": "6.0.3",
			"resolved": "https://registry.npmjs.org/@d3fc/d3fc-data-join/-/d3fc-data-join-6.0.3.tgz",
			"integrity": "sha512-fd1D2Cl4YGjzl3gBhcrvTl/VxaSncY0ZcokWsN8ahtmk9DZK4DnAgHGrdecnXVLkOx+ANDcqxqscYz6MWXLbcA=="
		},
		"@d3fc/d3fc-discontinuous-scale": {
			"version": "4.1.0",
			"resolved": "https://registry.npmjs.org/@d3fc/d3fc-discontinuous-scale/-/d3fc-discontinuous-scale-4.1.0.tgz",
			"integrity": "sha512-/8Qc9G9XuovuLg+zulrblU9TuKqDKvWneHtjxHy1oK1S3JBSpsjtjZ8I0mKazAjPiH8EqyLADli3LN9xG2P7mg==",
			"requires": {
				"@d3fc/d3fc-rebind": "^6.0.1"
			},
			"dependencies": {
				"@d3fc/d3fc-rebind": {
					"version": "6.0.1",
					"resolved": "https://registry.npmjs.org/@d3fc/d3fc-rebind/-/d3fc-rebind-6.0.1.tgz",
					"integrity": "sha512-+ryBZ53ALMffbADwnFAtTYQJcT7PE5BwpducGYS0X6Jux6ESnp+fP+cDQvBGbDBOVqaziGnfeLeJXjtMnZujmQ=="
				}
			}
		},
		"@d3fc/d3fc-element": {
			"version": "6.2.0",
			"resolved": "https://registry.npmjs.org/@d3fc/d3fc-element/-/d3fc-element-6.2.0.tgz",
			"integrity": "sha512-AvdZ3V4mVxF9dGYLiDCoqr3GhrFOUQEc1FcP20QEhQ3fJ3qYRwx7/uhL7G/L2xbe6k4delPgnLOvtoaDenhpZw=="
		},
		"@d3fc/d3fc-extent": {
			"version": "4.0.2",
			"resolved": "https://registry.npmjs.org/@d3fc/d3fc-extent/-/d3fc-extent-4.0.2.tgz",
			"integrity": "sha512-m7w7Dof6KAIDtgzIsTcprWTEoiqExJGsGoQbb97bF+EwIkuEZWRUl1jkoeNL00efpX1o6zSdqSr6lojoR0aI/g=="
		},
		"@d3fc/d3fc-financial-feed": {
			"version": "7.1.0",
			"resolved": "https://registry.npmjs.org/@d3fc/d3fc-financial-feed/-/d3fc-financial-feed-7.1.0.tgz",
			"integrity": "sha512-K8jktdRJQAiJepglErsuY2ZMKsm0YFWTeuhYnTFb8rWmyhwoPeem9QW+e6xBTiAvbElJm4yTrkal09KmO2cLlQ=="
		},
		"@d3fc/d3fc-group": {
			"version": "3.0.1",
			"resolved": "https://registry.npmjs.org/@d3fc/d3fc-group/-/d3fc-group-3.0.1.tgz",
			"integrity": "sha512-GBUR6a4hkqfSo77iaFS4qPMS5tupH8hmJ8eniiD45GFmWQs69+Dlf8Uhx+GCCvQkE+px6rQyZWVCJKBq6gkz2Q=="
		},
		"@d3fc/d3fc-label-layout": {
			"version": "7.0.3",
			"resolved": "https://registry.npmjs.org/@d3fc/d3fc-label-layout/-/d3fc-label-layout-7.0.3.tgz",
			"integrity": "sha512-EqeUXO5o0yLYfRPXT9zChx4HLZjsd7DTzRhfiIIJAjqEQeFW9ALYrt85ggqxKWaM5BGjtaOFcHFBrOkd9b2AMQ==",
			"requires": {
				"@d3fc/d3fc-data-join": "^6.0.3",
				"@d3fc/d3fc-rebind": "^6.0.1"
			},
			"dependencies": {
				"@d3fc/d3fc-data-join": {
					"version": "6.0.3",
					"resolved": "https://registry.npmjs.org/@d3fc/d3fc-data-join/-/d3fc-data-join-6.0.3.tgz",
					"integrity": "sha512-fd1D2Cl4YGjzl3gBhcrvTl/VxaSncY0ZcokWsN8ahtmk9DZK4DnAgHGrdecnXVLkOx+ANDcqxqscYz6MWXLbcA=="
				},
				"@d3fc/d3fc-rebind": {
					"version": "6.0.1",
					"resolved": "https://registry.npmjs.org/@d3fc/d3fc-rebind/-/d3fc-rebind-6.0.1.tgz",
					"integrity": "sha512-+ryBZ53ALMffbADwnFAtTYQJcT7PE5BwpducGYS0X6Jux6ESnp+fP+cDQvBGbDBOVqaziGnfeLeJXjtMnZujmQ=="
				}
			}
		},
		"@d3fc/d3fc-pointer": {
			"version": "3.0.2",
			"resolved": "https://registry.npmjs.org/@d3fc/d3fc-pointer/-/d3fc-pointer-3.0.2.tgz",
			"integrity": "sha512-GAODK7t+fwH2y/tQaQD0kUZMbrpY+Mu1duFixtthm7yvk1sKWQR9bic3Eh3YBp39lir0VzmHWQhjYNAFnRJERg==",
			"requires": {
				"@d3fc/d3fc-rebind": "^6.0.1"
			}
		},
		"@d3fc/d3fc-random-data": {
			"version": "4.0.1",
			"resolved": "https://registry.npmjs.org/@d3fc/d3fc-random-data/-/d3fc-random-data-4.0.1.tgz",
			"integrity": "sha512-tKSoImB8V+EKnuwh4K+RBfYWmczgKF+rvH9b3SeGEocw3DlK1SvAr2ZVhYkyFVaqJU5YciWqQfaW5MjVT/33FA==",
			"requires": {
				"@d3fc/d3fc-rebind": "^6.0.1"
			}
		},
		"@d3fc/d3fc-rebind": {
			"version": "6.0.1",
			"resolved": "https://registry.npmjs.org/@d3fc/d3fc-rebind/-/d3fc-rebind-6.0.1.tgz",
			"integrity": "sha512-+ryBZ53ALMffbADwnFAtTYQJcT7PE5BwpducGYS0X6Jux6ESnp+fP+cDQvBGbDBOVqaziGnfeLeJXjtMnZujmQ=="
		},
		"@d3fc/d3fc-sample": {
			"version": "5.0.1",
			"resolved": "https://registry.npmjs.org/@d3fc/d3fc-sample/-/d3fc-sample-5.0.1.tgz",
			"integrity": "sha512-VJ4stSJDxcAhYhifiGE63MBVDPstx+yB3+JHuJt/qc8MjHSOC4NjrPpABNUS6qwfmOcQKbaRPN8urzJ+f5FCmg==",
			"requires": {
				"@d3fc/d3fc-rebind": "^6.0.1"
			}
		},
		"@d3fc/d3fc-series": {
			"version": "6.1.0",
			"resolved": "https://registry.npmjs.org/@d3fc/d3fc-series/-/d3fc-series-6.1.0.tgz",
			"integrity": "sha512-8TMknE0IWRYowyuKZv361HCMZ9WXJrQoq1Md73fN0/oTgmI4nPnDtcA0f0qRQmEZPPr4iz9JPPzQG9kd9DW6Nw==",
			"requires": {
				"@d3fc/d3fc-data-join": "^6.0.3",
				"@d3fc/d3fc-rebind": "^6.0.1",
				"@d3fc/d3fc-shape": "^6.0.1",
				"@d3fc/d3fc-webgl": "^3.2.0"
			},
			"dependencies": {
				"@d3fc/d3fc-data-join": {
					"version": "6.0.3",
					"resolved": "https://registry.npmjs.org/@d3fc/d3fc-data-join/-/d3fc-data-join-6.0.3.tgz",
					"integrity": "sha512-fd1D2Cl4YGjzl3gBhcrvTl/VxaSncY0ZcokWsN8ahtmk9DZK4DnAgHGrdecnXVLkOx+ANDcqxqscYz6MWXLbcA=="
				},
				"@d3fc/d3fc-rebind": {
					"version": "6.0.1",
					"resolved": "https://registry.npmjs.org/@d3fc/d3fc-rebind/-/d3fc-rebind-6.0.1.tgz",
					"integrity": "sha512-+ryBZ53ALMffbADwnFAtTYQJcT7PE5BwpducGYS0X6Jux6ESnp+fP+cDQvBGbDBOVqaziGnfeLeJXjtMnZujmQ=="
				},
				"@d3fc/d3fc-shape": {
					"version": "6.0.1",
					"resolved": "https://registry.npmjs.org/@d3fc/d3fc-shape/-/d3fc-shape-6.0.1.tgz",
					"integrity": "sha512-/dD3S8BWrOjO2mSptUmwe38V7KG4Kw6liIE5NXZJjX/XidfZhuDu7WWuya3i90HeNYDZNcs6Z+4qM3FnvlZf8g=="
				}
			}
		},
		"@d3fc/d3fc-shape": {
			"version": "6.0.1",
			"resolved": "https://registry.npmjs.org/@d3fc/d3fc-shape/-/d3fc-shape-6.0.1.tgz",
			"integrity": "sha512-/dD3S8BWrOjO2mSptUmwe38V7KG4Kw6liIE5NXZJjX/XidfZhuDu7WWuya3i90HeNYDZNcs6Z+4qM3FnvlZf8g=="
		},
		"@d3fc/d3fc-technical-indicator": {
			"version": "8.1.0",
			"resolved": "https://registry.npmjs.org/@d3fc/d3fc-technical-indicator/-/d3fc-technical-indicator-8.1.0.tgz",
			"integrity": "sha512-ma5l4nLC0kReDjxeMuodwrQWzDzJHoBoYIJKfzAJhfcMhS/XqJBKXYfT5BO7ggjzAsW/oD9xh64tmozXx/pHoQ==",
			"requires": {
				"@d3fc/d3fc-rebind": "^6.0.1"
			}
		},
		"@d3fc/d3fc-webgl": {
			"version": "3.2.0",
			"resolved": "https://registry.npmjs.org/@d3fc/d3fc-webgl/-/d3fc-webgl-3.2.0.tgz",
			"integrity": "sha512-ca0gSeitQYLIT5p3DoWpHS/cdkA/XmVWSHo1WiDMZt6Hwy86HSHwT3EGtTfXKtK1pZELyDvj9syhyRhi0zU5ow==",
			"requires": {
				"@d3fc/d3fc-rebind": "^6.0.1"
			},
			"dependencies": {
				"@d3fc/d3fc-rebind": {
					"version": "6.0.1",
					"resolved": "https://registry.npmjs.org/@d3fc/d3fc-rebind/-/d3fc-rebind-6.0.1.tgz",
					"integrity": "sha512-+ryBZ53ALMffbADwnFAtTYQJcT7PE5BwpducGYS0X6Jux6ESnp+fP+cDQvBGbDBOVqaziGnfeLeJXjtMnZujmQ=="
				}
			}
		},
		"@d3fc/d3fc-zoom": {
			"version": "1.1.1",
			"resolved": "https://registry.npmjs.org/@d3fc/d3fc-zoom/-/d3fc-zoom-1.1.1.tgz",
			"integrity": "sha512-JLYcrdq9W0ZA0vwXcwOhsEkjzfpS+/3Ec3gt1sTJ6KZmILyL+3HCem9y5MeGrns1rBi+9IyMMY2SwOOSJpMGcg==",
			"requires": {
				"@d3fc/d3fc-rebind": "^6.0.1"
			}
		}
	}
}
